// !$*UTF8*$!
{
	archiveVersion = 1;
	classes = {
	};
	objectVersion = 51;
	objects = {

/* Begin PBXBuildFile section */
		5ECBBAF8C5B65D1A833302C4 /* Pods_LanguageCardsApp.framework in Frameworks */ = {isa = PBXBuildFile; fileRef = CCF3C195DEF36A10158F7428 /* Pods_LanguageCardsApp.framework */; };
		B53DB0D723708BD200A92D27 /* TestEntity.swift in Sources */ = {isa = PBXBuildFile; fileRef = B53DB0D623708BD200A92D27 /* TestEntity.swift */; };
		B53DB0D923708C0400A92D27 /* ManagedWord.swift in Sources */ = {isa = PBXBuildFile; fileRef = B53DB0D823708C0400A92D27 /* ManagedWord.swift */; };
		B53DB0DB23708C1100A92D27 /* ManagedWordDictionary.swift in Sources */ = {isa = PBXBuildFile; fileRef = B53DB0DA23708C1100A92D27 /* ManagedWordDictionary.swift */; };
		B53DB0DD23708C2000A92D27 /* ManagedWordTranslation.swift in Sources */ = {isa = PBXBuildFile; fileRef = B53DB0DC23708C2000A92D27 /* ManagedWordTranslation.swift */; };
		D7A6D032981E499E6FC37FBD /* Pods_LanguageCardsAppTests.framework in Frameworks */ = {isa = PBXBuildFile; fileRef = 62A365010DBE618924250015 /* Pods_LanguageCardsAppTests.framework */; };
		F53981EB2373221900AEA1B0 /* PredicateTests.swift in Sources */ = {isa = PBXBuildFile; fileRef = F53981EA2373221900AEA1B0 /* PredicateTests.swift */; };
		F54816DB23533B6A008D1A0D /* BaseNetworking.swift in Sources */ = {isa = PBXBuildFile; fileRef = F54816DA23533B6A008D1A0D /* BaseNetworking.swift */; };
		F550D9D8234D03810054F531 /* Persistence.swift in Sources */ = {isa = PBXBuildFile; fileRef = F550D9D7234D03810054F531 /* Persistence.swift */; };
		F550D9DA234D03BA0054F531 /* CoreDataPersistence.swift in Sources */ = {isa = PBXBuildFile; fileRef = F550D9D9234D03BA0054F531 /* CoreDataPersistence.swift */; };
		F550D9DC234D10000054F531 /* Operators.swift in Sources */ = {isa = PBXBuildFile; fileRef = F550D9DB234D10000054F531 /* Operators.swift */; };
		F557DAFA2379CD5200E5BD15 /* TestLanguageCardsApp.xcdatamodeld in Sources */ = {isa = PBXBuildFile; fileRef = F557DAF62379CB6000E5BD15 /* TestLanguageCardsApp.xcdatamodeld */; };
		F557DAFE2379CF1C00E5BD15 /* TestParent.swift in Sources */ = {isa = PBXBuildFile; fileRef = F557DAFD2379CF1C00E5BD15 /* TestParent.swift */; };
		F557DB002379CF2700E5BD15 /* TestChild.swift in Sources */ = {isa = PBXBuildFile; fileRef = F557DAFF2379CF2700E5BD15 /* TestChild.swift */; };
		F56541FA235C65640090020C /* GetTests.swift in Sources */ = {isa = PBXBuildFile; fileRef = F56541F9235C65640090020C /* GetTests.swift */; };
		F57F8A03237472E8000F6C79 /* CoreDataPersistenceTests.swift in Sources */ = {isa = PBXBuildFile; fileRef = F57F8A02237472E8000F6C79 /* CoreDataPersistenceTests.swift */; };
		F59CE92C23411E3D007A5303 /* AppDelegate.swift in Sources */ = {isa = PBXBuildFile; fileRef = F59CE92B23411E3D007A5303 /* AppDelegate.swift */; };
		F59CE93123411E3D007A5303 /* LanguageCardsApp.xcdatamodeld in Sources */ = {isa = PBXBuildFile; fileRef = F59CE92F23411E3D007A5303 /* LanguageCardsApp.xcdatamodeld */; };
		F59CE93523411E3F007A5303 /* Assets.xcassets in Resources */ = {isa = PBXBuildFile; fileRef = F59CE93423411E3F007A5303 /* Assets.xcassets */; };
		F59CE93B23411E3F007A5303 /* LaunchScreen.storyboard in Resources */ = {isa = PBXBuildFile; fileRef = F59CE93923411E3F007A5303 /* LaunchScreen.storyboard */; };
		F59CE95623412134007A5303 /* Constants.swift in Sources */ = {isa = PBXBuildFile; fileRef = F59CE95523412134007A5303 /* Constants.swift */; };
		F59CE958234121F0007A5303 /* Default-568h@2x.png in Resources */ = {isa = PBXBuildFile; fileRef = F59CE957234121F0007A5303 /* Default-568h@2x.png */; };
		F59CE95D23412388007A5303 /* WordListController.swift in Sources */ = {isa = PBXBuildFile; fileRef = F59CE95C23412388007A5303 /* WordListController.swift */; };
		F59CE95F23412391007A5303 /* WordListViewModel.swift in Sources */ = {isa = PBXBuildFile; fileRef = F59CE95E23412391007A5303 /* WordListViewModel.swift */; };
		F59CE9612341239A007A5303 /* WordListRouter.swift in Sources */ = {isa = PBXBuildFile; fileRef = F59CE9602341239A007A5303 /* WordListRouter.swift */; };
		F59CE964234123DA007A5303 /* WordList.storyboard in Resources */ = {isa = PBXBuildFile; fileRef = F59CE963234123DA007A5303 /* WordList.storyboard */; };
		F59CE96623412629007A5303 /* SavedWordsService.swift in Sources */ = {isa = PBXBuildFile; fileRef = F59CE96523412629007A5303 /* SavedWordsService.swift */; };
		F59CE968234128F2007A5303 /* WordListAssembly.swift in Sources */ = {isa = PBXBuildFile; fileRef = F59CE967234128F2007A5303 /* WordListAssembly.swift */; };
		F59EE17023427CCA009A4BB8 /* Storyboard.swift in Sources */ = {isa = PBXBuildFile; fileRef = F59EE16F23427CCA009A4BB8 /* Storyboard.swift */; };
		F5A7004C2348ECED00010D9A /* Transformable.swift in Sources */ = {isa = PBXBuildFile; fileRef = F5A7004B2348ECED00010D9A /* Transformable.swift */; };
		F5A7006123490FDF00010D9A /* WordTranslation.swift in Sources */ = {isa = PBXBuildFile; fileRef = F5A7006023490FDF00010D9A /* WordTranslation.swift */; };
		F5B8A577237EFD9D004D1C6F /* StateMachine.swift in Sources */ = {isa = PBXBuildFile; fileRef = F5B8A576237EFD9D004D1C6F /* StateMachine.swift */; };
		F5B8A57A237F1385004D1C6F /* StateMachineTests.swift in Sources */ = {isa = PBXBuildFile; fileRef = F5B8A579237F1385004D1C6F /* StateMachineTests.swift */; };
		F5D3325D2375B3EB000458F5 /* CoreDataRequstTests.swift in Sources */ = {isa = PBXBuildFile; fileRef = F5D3325C2375B3EB000458F5 /* CoreDataRequstTests.swift */; };
		F5F793172351CF5100A4CC78 /* Predicate.swift in Sources */ = {isa = PBXBuildFile; fileRef = F5F793162351CF5100A4CC78 /* Predicate.swift */; };
		F5F793192351CF6700A4CC78 /* CoreDataRequest.swift in Sources */ = {isa = PBXBuildFile; fileRef = F5F793182351CF6700A4CC78 /* CoreDataRequest.swift */; };
/* End PBXBuildFile section */

/* Begin PBXContainerItemProxy section */
		F59CE94223411E40007A5303 /* PBXContainerItemProxy */ = {
			isa = PBXContainerItemProxy;
			containerPortal = F59CE92023411E3D007A5303 /* Project object */;
			proxyType = 1;
			remoteGlobalIDString = F59CE92723411E3D007A5303;
			remoteInfo = LanguageCardsApp;
		};
/* End PBXContainerItemProxy section */

/* Begin PBXFileReference section */
		5AF2710506D5B4CDE00E43AF /* Pods-LanguageCardsApp.debug.xcconfig */ = {isa = PBXFileReference; includeInIndex = 1; lastKnownFileType = text.xcconfig; name = "Pods-LanguageCardsApp.debug.xcconfig"; path = "Target Support Files/Pods-LanguageCardsApp/Pods-LanguageCardsApp.debug.xcconfig"; sourceTree = "<group>"; };
		5F3481C6888E92D1751CAA64 /* Pods-LanguageCardsAppTests.debug.xcconfig */ = {isa = PBXFileReference; includeInIndex = 1; lastKnownFileType = text.xcconfig; name = "Pods-LanguageCardsAppTests.debug.xcconfig"; path = "Target Support Files/Pods-LanguageCardsAppTests/Pods-LanguageCardsAppTests.debug.xcconfig"; sourceTree = "<group>"; };
		62A365010DBE618924250015 /* Pods_LanguageCardsAppTests.framework */ = {isa = PBXFileReference; explicitFileType = wrapper.framework; includeInIndex = 0; path = Pods_LanguageCardsAppTests.framework; sourceTree = BUILT_PRODUCTS_DIR; };
		6ADDDCBA8F4987FBD947116B /* Pods-LanguageCardsApp.release.xcconfig */ = {isa = PBXFileReference; includeInIndex = 1; lastKnownFileType = text.xcconfig; name = "Pods-LanguageCardsApp.release.xcconfig"; path = "Target Support Files/Pods-LanguageCardsApp/Pods-LanguageCardsApp.release.xcconfig"; sourceTree = "<group>"; };
		B53DB0D623708BD200A92D27 /* TestEntity.swift */ = {isa = PBXFileReference; lastKnownFileType = sourcecode.swift; path = TestEntity.swift; sourceTree = "<group>"; };
		B53DB0D823708C0400A92D27 /* ManagedWord.swift */ = {isa = PBXFileReference; lastKnownFileType = sourcecode.swift; path = ManagedWord.swift; sourceTree = "<group>"; };
		B53DB0DA23708C1100A92D27 /* ManagedWordDictionary.swift */ = {isa = PBXFileReference; lastKnownFileType = sourcecode.swift; path = ManagedWordDictionary.swift; sourceTree = "<group>"; };
		B53DB0DC23708C2000A92D27 /* ManagedWordTranslation.swift */ = {isa = PBXFileReference; lastKnownFileType = sourcecode.swift; path = ManagedWordTranslation.swift; sourceTree = "<group>"; };
		CCF3C195DEF36A10158F7428 /* Pods_LanguageCardsApp.framework */ = {isa = PBXFileReference; explicitFileType = wrapper.framework; includeInIndex = 0; path = Pods_LanguageCardsApp.framework; sourceTree = BUILT_PRODUCTS_DIR; };
		F53981EA2373221900AEA1B0 /* PredicateTests.swift */ = {isa = PBXFileReference; lastKnownFileType = sourcecode.swift; path = PredicateTests.swift; sourceTree = "<group>"; };
		F54816DA23533B6A008D1A0D /* BaseNetworking.swift */ = {isa = PBXFileReference; lastKnownFileType = sourcecode.swift; path = BaseNetworking.swift; sourceTree = "<group>"; };
		F550D9D7234D03810054F531 /* Persistence.swift */ = {isa = PBXFileReference; lastKnownFileType = sourcecode.swift; path = Persistence.swift; sourceTree = "<group>"; };
		F550D9D9234D03BA0054F531 /* CoreDataPersistence.swift */ = {isa = PBXFileReference; lastKnownFileType = sourcecode.swift; path = CoreDataPersistence.swift; sourceTree = "<group>"; };
		F550D9DB234D10000054F531 /* Operators.swift */ = {isa = PBXFileReference; lastKnownFileType = sourcecode.swift; path = Operators.swift; sourceTree = "<group>"; };
		F557DAF72379CB6000E5BD15 /* TestLanguageCardsApp.xcdatamodel */ = {isa = PBXFileReference; lastKnownFileType = wrapper.xcdatamodel; path = TestLanguageCardsApp.xcdatamodel; sourceTree = "<group>"; };
		F557DAFD2379CF1C00E5BD15 /* TestParent.swift */ = {isa = PBXFileReference; lastKnownFileType = sourcecode.swift; path = TestParent.swift; sourceTree = "<group>"; };
		F557DAFF2379CF2700E5BD15 /* TestChild.swift */ = {isa = PBXFileReference; lastKnownFileType = sourcecode.swift; path = TestChild.swift; sourceTree = "<group>"; };
		F56541F9235C65640090020C /* GetTests.swift */ = {isa = PBXFileReference; lastKnownFileType = sourcecode.swift; path = GetTests.swift; sourceTree = "<group>"; };
		F57F8A02237472E8000F6C79 /* CoreDataPersistenceTests.swift */ = {isa = PBXFileReference; lastKnownFileType = sourcecode.swift; path = CoreDataPersistenceTests.swift; sourceTree = "<group>"; };
		F59CE92823411E3D007A5303 /* LanguageCardsApp.app */ = {isa = PBXFileReference; explicitFileType = wrapper.application; includeInIndex = 0; path = LanguageCardsApp.app; sourceTree = BUILT_PRODUCTS_DIR; };
		F59CE92B23411E3D007A5303 /* AppDelegate.swift */ = {isa = PBXFileReference; lastKnownFileType = sourcecode.swift; path = AppDelegate.swift; sourceTree = "<group>"; };
		F59CE93023411E3D007A5303 /* LanguageCardsApp.xcdatamodel */ = {isa = PBXFileReference; lastKnownFileType = wrapper.xcdatamodel; path = LanguageCardsApp.xcdatamodel; sourceTree = "<group>"; };
		F59CE93423411E3F007A5303 /* Assets.xcassets */ = {isa = PBXFileReference; lastKnownFileType = folder.assetcatalog; path = Assets.xcassets; sourceTree = "<group>"; };
		F59CE93A23411E3F007A5303 /* Base */ = {isa = PBXFileReference; lastKnownFileType = file.storyboard; name = Base; path = Base.lproj/LaunchScreen.storyboard; sourceTree = "<group>"; };
		F59CE93C23411E3F007A5303 /* Info.plist */ = {isa = PBXFileReference; lastKnownFileType = text.plist.xml; path = Info.plist; sourceTree = "<group>"; };
		F59CE94123411E40007A5303 /* LanguageCardsAppTests.xctest */ = {isa = PBXFileReference; explicitFileType = wrapper.cfbundle; includeInIndex = 0; path = LanguageCardsAppTests.xctest; sourceTree = BUILT_PRODUCTS_DIR; };
		F59CE94723411E40007A5303 /* Info.plist */ = {isa = PBXFileReference; lastKnownFileType = text.plist.xml; path = Info.plist; sourceTree = "<group>"; };
		F59CE95523412134007A5303 /* Constants.swift */ = {isa = PBXFileReference; lastKnownFileType = sourcecode.swift; path = Constants.swift; sourceTree = "<group>"; };
		F59CE957234121F0007A5303 /* Default-568h@2x.png */ = {isa = PBXFileReference; lastKnownFileType = image.png; path = "Default-568h@2x.png"; sourceTree = "<group>"; };
		F59CE95C23412388007A5303 /* WordListController.swift */ = {isa = PBXFileReference; lastKnownFileType = sourcecode.swift; path = WordListController.swift; sourceTree = "<group>"; };
		F59CE95E23412391007A5303 /* WordListViewModel.swift */ = {isa = PBXFileReference; lastKnownFileType = sourcecode.swift; path = WordListViewModel.swift; sourceTree = "<group>"; };
		F59CE9602341239A007A5303 /* WordListRouter.swift */ = {isa = PBXFileReference; lastKnownFileType = sourcecode.swift; path = WordListRouter.swift; sourceTree = "<group>"; };
		F59CE963234123DA007A5303 /* WordList.storyboard */ = {isa = PBXFileReference; lastKnownFileType = file.storyboard; path = WordList.storyboard; sourceTree = "<group>"; };
		F59CE96523412629007A5303 /* SavedWordsService.swift */ = {isa = PBXFileReference; lastKnownFileType = sourcecode.swift; path = SavedWordsService.swift; sourceTree = "<group>"; };
		F59CE967234128F2007A5303 /* WordListAssembly.swift */ = {isa = PBXFileReference; lastKnownFileType = sourcecode.swift; path = WordListAssembly.swift; sourceTree = "<group>"; };
		F59EE16F23427CCA009A4BB8 /* Storyboard.swift */ = {isa = PBXFileReference; lastKnownFileType = sourcecode.swift; path = Storyboard.swift; sourceTree = "<group>"; };
		F5A7004B2348ECED00010D9A /* Transformable.swift */ = {isa = PBXFileReference; lastKnownFileType = sourcecode.swift; path = Transformable.swift; sourceTree = "<group>"; };
		F5A7006023490FDF00010D9A /* WordTranslation.swift */ = {isa = PBXFileReference; lastKnownFileType = sourcecode.swift; path = WordTranslation.swift; sourceTree = "<group>"; };
		F5B8A576237EFD9D004D1C6F /* StateMachine.swift */ = {isa = PBXFileReference; lastKnownFileType = sourcecode.swift; path = StateMachine.swift; sourceTree = "<group>"; };
		F5B8A579237F1385004D1C6F /* StateMachineTests.swift */ = {isa = PBXFileReference; lastKnownFileType = sourcecode.swift; path = StateMachineTests.swift; sourceTree = "<group>"; };
		F5D3325C2375B3EB000458F5 /* CoreDataRequstTests.swift */ = {isa = PBXFileReference; lastKnownFileType = sourcecode.swift; path = CoreDataRequstTests.swift; sourceTree = "<group>"; };
		F5F793162351CF5100A4CC78 /* Predicate.swift */ = {isa = PBXFileReference; lastKnownFileType = sourcecode.swift; path = Predicate.swift; sourceTree = "<group>"; };
		F5F793182351CF6700A4CC78 /* CoreDataRequest.swift */ = {isa = PBXFileReference; lastKnownFileType = sourcecode.swift; path = CoreDataRequest.swift; sourceTree = "<group>"; };
		F620BB4FCF5BE5DD6F7C6C93 /* Pods-LanguageCardsAppTests.release.xcconfig */ = {isa = PBXFileReference; includeInIndex = 1; lastKnownFileType = text.xcconfig; name = "Pods-LanguageCardsAppTests.release.xcconfig"; path = "Target Support Files/Pods-LanguageCardsAppTests/Pods-LanguageCardsAppTests.release.xcconfig"; sourceTree = "<group>"; };
/* End PBXFileReference section */

/* Begin PBXFrameworksBuildPhase section */
		F59CE92523411E3D007A5303 /* Frameworks */ = {
			isa = PBXFrameworksBuildPhase;
			buildActionMask = 2147483647;
			files = (
				5ECBBAF8C5B65D1A833302C4 /* Pods_LanguageCardsApp.framework in Frameworks */,
			);
			runOnlyForDeploymentPostprocessing = 0;
		};
		F59CE93E23411E40007A5303 /* Frameworks */ = {
			isa = PBXFrameworksBuildPhase;
			buildActionMask = 2147483647;
			files = (
				D7A6D032981E499E6FC37FBD /* Pods_LanguageCardsAppTests.framework in Frameworks */,
			);
			runOnlyForDeploymentPostprocessing = 0;
		};
/* End PBXFrameworksBuildPhase section */

/* Begin PBXGroup section */
		0727B8A98ACC16CF4A575434 /* Frameworks */ = {
			isa = PBXGroup;
			children = (
				CCF3C195DEF36A10158F7428 /* Pods_LanguageCardsApp.framework */,
				62A365010DBE618924250015 /* Pods_LanguageCardsAppTests.framework */,
			);
			name = Frameworks;
			sourceTree = "<group>";
		};
		B5866CB8236F22CC00D03492 /* DBEntity */ = {
			isa = PBXGroup;
			children = (
				F557DAFC2379CDC900E5BD15 /* TestEntities */,
				B53DB0DA23708C1100A92D27 /* ManagedWordDictionary.swift */,
				B53DB0DC23708C2000A92D27 /* ManagedWordTranslation.swift */,
				B53DB0D823708C0400A92D27 /* ManagedWord.swift */,
			);
			path = DBEntity;
			sourceTree = "<group>";
		};
		CDA839F02A8A8F737A450CC2 /* Pods */ = {
			isa = PBXGroup;
			children = (
				5AF2710506D5B4CDE00E43AF /* Pods-LanguageCardsApp.debug.xcconfig */,
				6ADDDCBA8F4987FBD947116B /* Pods-LanguageCardsApp.release.xcconfig */,
				5F3481C6888E92D1751CAA64 /* Pods-LanguageCardsAppTests.debug.xcconfig */,
				F620BB4FCF5BE5DD6F7C6C93 /* Pods-LanguageCardsAppTests.release.xcconfig */,
			);
			path = Pods;
			sourceTree = "<group>";
		};
		F54C62D12350D8C8008D9CAC /* Networking */ = {
			isa = PBXGroup;
			children = (
				F54816DA23533B6A008D1A0D /* BaseNetworking.swift */,
			);
			path = Networking;
			sourceTree = "<group>";
		};
		F550D9D6234D03110054F531 /* Persistence */ = {
			isa = PBXGroup;
			children = (
				B5866CB8236F22CC00D03492 /* DBEntity */,
				F5A7004D23490EBF00010D9A /* PlainEntity */,
				F550D9D9234D03BA0054F531 /* CoreDataPersistence.swift */,
				F5F793182351CF6700A4CC78 /* CoreDataRequest.swift */,
				F550D9D7234D03810054F531 /* Persistence.swift */,
			);
			path = Persistence;
			sourceTree = "<group>";
		};
		F557DAFC2379CDC900E5BD15 /* TestEntities */ = {
			isa = PBXGroup;
			children = (
				B53DB0D623708BD200A92D27 /* TestEntity.swift */,
				F557DAFD2379CF1C00E5BD15 /* TestParent.swift */,
				F557DAFF2379CF2700E5BD15 /* TestChild.swift */,
			);
			path = TestEntities;
			sourceTree = "<group>";
		};
		F56541F8235C65540090020C /* NetworkingTests */ = {
			isa = PBXGroup;
			children = (
				F56541F9235C65640090020C /* GetTests.swift */,
			);
			path = NetworkingTests;
			sourceTree = "<group>";
		};
		F59669D9234E5979008C65E1 /* PersistenceTests */ = {
			isa = PBXGroup;
			children = (
				F53981EA2373221900AEA1B0 /* PredicateTests.swift */,
				F57F8A02237472E8000F6C79 /* CoreDataPersistenceTests.swift */,
				F5D3325C2375B3EB000458F5 /* CoreDataRequstTests.swift */,
			);
			path = PersistenceTests;
			sourceTree = "<group>";
		};
		F59CE91F23411E3D007A5303 = {
			isa = PBXGroup;
			children = (
				F59CE957234121F0007A5303 /* Default-568h@2x.png */,
				F59CE92A23411E3D007A5303 /* LanguageCardsApp */,
				F59CE94423411E40007A5303 /* LanguageCardsAppTests */,
				F59CE92923411E3D007A5303 /* Products */,
				CDA839F02A8A8F737A450CC2 /* Pods */,
				0727B8A98ACC16CF4A575434 /* Frameworks */,
			);
			sourceTree = "<group>";
		};
		F59CE92923411E3D007A5303 /* Products */ = {
			isa = PBXGroup;
			children = (
				F59CE92823411E3D007A5303 /* LanguageCardsApp.app */,
				F59CE94123411E40007A5303 /* LanguageCardsAppTests.xctest */,
			);
			name = Products;
			sourceTree = "<group>";
		};
		F59CE92A23411E3D007A5303 /* LanguageCardsApp */ = {
			isa = PBXGroup;
			children = (
				F59CE95023412071007A5303 /* App */,
				F59CE95323412106007A5303 /* Data */,
				F59CE9542341210C007A5303 /* Domain */,
				F59CE962234123BB007A5303 /* Library */,
				F59CE952234120FC007A5303 /* Presentation */,
				F59CE951234120E7007A5303 /* Resources */,
			);
			path = LanguageCardsApp;
			sourceTree = "<group>";
		};
		F59CE94423411E40007A5303 /* LanguageCardsAppTests */ = {
			isa = PBXGroup;
			children = (
				F5B8A578237F1364004D1C6F /* StateMachineTests */,
				F56541F8235C65540090020C /* NetworkingTests */,
				F59669D9234E5979008C65E1 /* PersistenceTests */,
				F59CE94723411E40007A5303 /* Info.plist */,
			);
			path = LanguageCardsAppTests;
			sourceTree = "<group>";
		};
		F59CE95023412071007A5303 /* App */ = {
			isa = PBXGroup;
			children = (
				F59CE92B23411E3D007A5303 /* AppDelegate.swift */,
			);
			path = App;
			sourceTree = "<group>";
		};
		F59CE951234120E7007A5303 /* Resources */ = {
			isa = PBXGroup;
			children = (
				F59CE93423411E3F007A5303 /* Assets.xcassets */,
				F59CE93923411E3F007A5303 /* LaunchScreen.storyboard */,
				F59CE93C23411E3F007A5303 /* Info.plist */,
				F557DAF62379CB6000E5BD15 /* TestLanguageCardsApp.xcdatamodeld */,
				F59CE92F23411E3D007A5303 /* LanguageCardsApp.xcdatamodeld */,
			);
			path = Resources;
			sourceTree = "<group>";
		};
		F59CE952234120FC007A5303 /* Presentation */ = {
			isa = PBXGroup;
			children = (
				F59CE959234122DA007A5303 /* TranslationStory */,
			);
			path = Presentation;
			sourceTree = "<group>";
		};
		F59CE95323412106007A5303 /* Data */ = {
			isa = PBXGroup;
			children = (
				F59CE95523412134007A5303 /* Constants.swift */,
				F54C62D12350D8C8008D9CAC /* Networking */,
				F550D9D6234D03110054F531 /* Persistence */,
			);
			path = Data;
			sourceTree = "<group>";
		};
		F59CE9542341210C007A5303 /* Domain */ = {
			isa = PBXGroup;
			children = (
				F59CE96523412629007A5303 /* SavedWordsService.swift */,
			);
			path = Domain;
			sourceTree = "<group>";
		};
		F59CE959234122DA007A5303 /* TranslationStory */ = {
			isa = PBXGroup;
			children = (
				F59CE95B23412312007A5303 /* NewWord */,
				F59CE95A23412306007A5303 /* WordsList */,
			);
			path = TranslationStory;
			sourceTree = "<group>";
		};
		F59CE95A23412306007A5303 /* WordsList */ = {
			isa = PBXGroup;
			children = (
				F59CE95C23412388007A5303 /* WordListController.swift */,
				F59CE95E23412391007A5303 /* WordListViewModel.swift */,
				F59CE9602341239A007A5303 /* WordListRouter.swift */,
				F59CE963234123DA007A5303 /* WordList.storyboard */,
				F59CE967234128F2007A5303 /* WordListAssembly.swift */,
			);
			path = WordsList;
			sourceTree = "<group>";
		};
		F59CE95B23412312007A5303 /* NewWord */ = {
			isa = PBXGroup;
			children = (
			);
			path = NewWord;
			sourceTree = "<group>";
		};
		F59CE962234123BB007A5303 /* Library */ = {
			isa = PBXGroup;
			children = (
				F550D9DB234D10000054F531 /* Operators.swift */,
				F5F793162351CF5100A4CC78 /* Predicate.swift */,
				F59EE16F23427CCA009A4BB8 /* Storyboard.swift */,
				F5A7004B2348ECED00010D9A /* Transformable.swift */,
				F5B8A576237EFD9D004D1C6F /* StateMachine.swift */,
			);
			path = Library;
			sourceTree = "<group>";
		};
		F5A7004D23490EBF00010D9A /* PlainEntity */ = {
			isa = PBXGroup;
			children = (
				F5A7006023490FDF00010D9A /* WordTranslation.swift */,
			);
			path = PlainEntity;
			sourceTree = "<group>";
		};
		F5B8A578237F1364004D1C6F /* StateMachineTests */ = {
			isa = PBXGroup;
			children = (
				F5B8A579237F1385004D1C6F /* StateMachineTests.swift */,
			);
			path = StateMachineTests;
			sourceTree = "<group>";
		};
/* End PBXGroup section */

/* Begin PBXNativeTarget section */
		F59CE92723411E3D007A5303 /* LanguageCardsApp */ = {
			isa = PBXNativeTarget;
			buildConfigurationList = F59CE94A23411E40007A5303 /* Build configuration list for PBXNativeTarget "LanguageCardsApp" */;
			buildPhases = (
				4BD349D3874C34C5D615D655 /* [CP] Check Pods Manifest.lock */,
				F59CE92423411E3D007A5303 /* Sources */,
				F59CE92523411E3D007A5303 /* Frameworks */,
				F59CE92623411E3D007A5303 /* Resources */,
				587EB090EFF41ECC38651E61 /* [CP] Embed Pods Frameworks */,
			);
			buildRules = (
			);
			dependencies = (
			);
			name = LanguageCardsApp;
			productName = LanguageCardsApp;
			productReference = F59CE92823411E3D007A5303 /* LanguageCardsApp.app */;
			productType = "com.apple.product-type.application";
		};
		F59CE94023411E40007A5303 /* LanguageCardsAppTests */ = {
			isa = PBXNativeTarget;
			buildConfigurationList = F59CE94D23411E40007A5303 /* Build configuration list for PBXNativeTarget "LanguageCardsAppTests" */;
			buildPhases = (
				A5C7899D3DEB8DB49A293D89 /* [CP] Check Pods Manifest.lock */,
				F59CE93D23411E40007A5303 /* Sources */,
				F59CE93E23411E40007A5303 /* Frameworks */,
				F59CE93F23411E40007A5303 /* Resources */,
				DDF07F6B8FF439B8B8FE2828 /* [CP] Embed Pods Frameworks */,
			);
			buildRules = (
			);
			dependencies = (
				F59CE94323411E40007A5303 /* PBXTargetDependency */,
			);
			name = LanguageCardsAppTests;
			productName = LanguageCardsAppTests;
			productReference = F59CE94123411E40007A5303 /* LanguageCardsAppTests.xctest */;
			productType = "com.apple.product-type.bundle.unit-test";
		};
/* End PBXNativeTarget section */

/* Begin PBXProject section */
		F59CE92023411E3D007A5303 /* Project object */ = {
			isa = PBXProject;
			attributes = {
				LastSwiftUpdateCheck = 1100;
				LastUpgradeCheck = 1100;
				ORGANIZATIONNAME = "Vladislav Sedinkin";
				TargetAttributes = {
					F59CE92723411E3D007A5303 = {
						CreatedOnToolsVersion = 11.0;
					};
					F59CE94023411E40007A5303 = {
						CreatedOnToolsVersion = 11.0;
						TestTargetID = F59CE92723411E3D007A5303;
					};
				};
			};
			buildConfigurationList = F59CE92323411E3D007A5303 /* Build configuration list for PBXProject "LanguageCardsApp" */;
			compatibilityVersion = "Xcode 9.3";
			developmentRegion = en;
			hasScannedForEncodings = 0;
			knownRegions = (
				en,
				Base,
			);
			mainGroup = F59CE91F23411E3D007A5303;
			productRefGroup = F59CE92923411E3D007A5303 /* Products */;
			projectDirPath = "";
			projectRoot = "";
			targets = (
				F59CE92723411E3D007A5303 /* LanguageCardsApp */,
				F59CE94023411E40007A5303 /* LanguageCardsAppTests */,
			);
		};
/* End PBXProject section */

/* Begin PBXResourcesBuildPhase section */
		F59CE92623411E3D007A5303 /* Resources */ = {
			isa = PBXResourcesBuildPhase;
			buildActionMask = 2147483647;
			files = (
				F59CE93B23411E3F007A5303 /* LaunchScreen.storyboard in Resources */,
				F59CE93523411E3F007A5303 /* Assets.xcassets in Resources */,
				F59CE964234123DA007A5303 /* WordList.storyboard in Resources */,
				F59CE958234121F0007A5303 /* Default-568h@2x.png in Resources */,
			);
			runOnlyForDeploymentPostprocessing = 0;
		};
		F59CE93F23411E40007A5303 /* Resources */ = {
			isa = PBXResourcesBuildPhase;
			buildActionMask = 2147483647;
			files = (
			);
			runOnlyForDeploymentPostprocessing = 0;
		};
/* End PBXResourcesBuildPhase section */

/* Begin PBXShellScriptBuildPhase section */
		4BD349D3874C34C5D615D655 /* [CP] Check Pods Manifest.lock */ = {
			isa = PBXShellScriptBuildPhase;
			buildActionMask = 2147483647;
			files = (
			);
			inputFileListPaths = (
			);
			inputPaths = (
				"${PODS_PODFILE_DIR_PATH}/Podfile.lock",
				"${PODS_ROOT}/Manifest.lock",
			);
			name = "[CP] Check Pods Manifest.lock";
			outputFileListPaths = (
			);
			outputPaths = (
				"$(DERIVED_FILE_DIR)/Pods-LanguageCardsApp-checkManifestLockResult.txt",
			);
			runOnlyForDeploymentPostprocessing = 0;
			shellPath = /bin/sh;
			shellScript = "diff \"${PODS_PODFILE_DIR_PATH}/Podfile.lock\" \"${PODS_ROOT}/Manifest.lock\" > /dev/null\nif [ $? != 0 ] ; then\n    # print error to STDERR\n    echo \"error: The sandbox is not in sync with the Podfile.lock. Run 'pod install' or update your CocoaPods installation.\" >&2\n    exit 1\nfi\n# This output is used by Xcode 'outputs' to avoid re-running this script phase.\necho \"SUCCESS\" > \"${SCRIPT_OUTPUT_FILE_0}\"\n";
			showEnvVarsInLog = 0;
		};
		587EB090EFF41ECC38651E61 /* [CP] Embed Pods Frameworks */ = {
			isa = PBXShellScriptBuildPhase;
			buildActionMask = 2147483647;
			files = (
			);
			inputFileListPaths = (
				"${PODS_ROOT}/Target Support Files/Pods-LanguageCardsApp/Pods-LanguageCardsApp-frameworks-${CONFIGURATION}-input-files.xcfilelist",
			);
			name = "[CP] Embed Pods Frameworks";
			outputFileListPaths = (
				"${PODS_ROOT}/Target Support Files/Pods-LanguageCardsApp/Pods-LanguageCardsApp-frameworks-${CONFIGURATION}-output-files.xcfilelist",
			);
			runOnlyForDeploymentPostprocessing = 0;
			shellPath = /bin/sh;
			shellScript = "\"${PODS_ROOT}/Target Support Files/Pods-LanguageCardsApp/Pods-LanguageCardsApp-frameworks.sh\"\n";
			showEnvVarsInLog = 0;
		};
		A5C7899D3DEB8DB49A293D89 /* [CP] Check Pods Manifest.lock */ = {
			isa = PBXShellScriptBuildPhase;
			buildActionMask = 2147483647;
			files = (
			);
			inputFileListPaths = (
			);
			inputPaths = (
				"${PODS_PODFILE_DIR_PATH}/Podfile.lock",
				"${PODS_ROOT}/Manifest.lock",
			);
			name = "[CP] Check Pods Manifest.lock";
			outputFileListPaths = (
			);
			outputPaths = (
				"$(DERIVED_FILE_DIR)/Pods-LanguageCardsAppTests-checkManifestLockResult.txt",
			);
			runOnlyForDeploymentPostprocessing = 0;
			shellPath = /bin/sh;
			shellScript = "diff \"${PODS_PODFILE_DIR_PATH}/Podfile.lock\" \"${PODS_ROOT}/Manifest.lock\" > /dev/null\nif [ $? != 0 ] ; then\n    # print error to STDERR\n    echo \"error: The sandbox is not in sync with the Podfile.lock. Run 'pod install' or update your CocoaPods installation.\" >&2\n    exit 1\nfi\n# This output is used by Xcode 'outputs' to avoid re-running this script phase.\necho \"SUCCESS\" > \"${SCRIPT_OUTPUT_FILE_0}\"\n";
			showEnvVarsInLog = 0;
		};
		DDF07F6B8FF439B8B8FE2828 /* [CP] Embed Pods Frameworks */ = {
			isa = PBXShellScriptBuildPhase;
			buildActionMask = 2147483647;
			files = (
			);
			inputFileListPaths = (
				"${PODS_ROOT}/Target Support Files/Pods-LanguageCardsAppTests/Pods-LanguageCardsAppTests-frameworks-${CONFIGURATION}-input-files.xcfilelist",
			);
			name = "[CP] Embed Pods Frameworks";
			outputFileListPaths = (
				"${PODS_ROOT}/Target Support Files/Pods-LanguageCardsAppTests/Pods-LanguageCardsAppTests-frameworks-${CONFIGURATION}-output-files.xcfilelist",
			);
			runOnlyForDeploymentPostprocessing = 0;
			shellPath = /bin/sh;
			shellScript = "\"${PODS_ROOT}/Target Support Files/Pods-LanguageCardsAppTests/Pods-LanguageCardsAppTests-frameworks.sh\"\n";
			showEnvVarsInLog = 0;
		};
/* End PBXShellScriptBuildPhase section */

/* Begin PBXSourcesBuildPhase section */
		F59CE92423411E3D007A5303 /* Sources */ = {
			isa = PBXSourcesBuildPhase;
			buildActionMask = 2147483647;
			files = (
				F59CE92C23411E3D007A5303 /* AppDelegate.swift in Sources */,
				F59CE968234128F2007A5303 /* WordListAssembly.swift in Sources */,
				B53DB0D723708BD200A92D27 /* TestEntity.swift in Sources */,
				B53DB0DD23708C2000A92D27 /* ManagedWordTranslation.swift in Sources */,
				F54816DB23533B6A008D1A0D /* BaseNetworking.swift in Sources */,
				B53DB0D923708C0400A92D27 /* ManagedWord.swift in Sources */,
				B53DB0DB23708C1100A92D27 /* ManagedWordDictionary.swift in Sources */,
				F557DAFE2379CF1C00E5BD15 /* TestParent.swift in Sources */,
				F5F793192351CF6700A4CC78 /* CoreDataRequest.swift in Sources */,
				F550D9D8234D03810054F531 /* Persistence.swift in Sources */,
				F59CE93123411E3D007A5303 /* LanguageCardsApp.xcdatamodeld in Sources */,
				F59CE9612341239A007A5303 /* WordListRouter.swift in Sources */,
				F550D9DC234D10000054F531 /* Operators.swift in Sources */,
				F59CE95623412134007A5303 /* Constants.swift in Sources */,
				F557DB002379CF2700E5BD15 /* TestChild.swift in Sources */,
				F550D9DA234D03BA0054F531 /* CoreDataPersistence.swift in Sources */,
				F59CE96623412629007A5303 /* SavedWordsService.swift in Sources */,
				F5F793172351CF5100A4CC78 /* Predicate.swift in Sources */,
				F59CE95D23412388007A5303 /* WordListController.swift in Sources */,
				F5A7006123490FDF00010D9A /* WordTranslation.swift in Sources */,
				F59EE17023427CCA009A4BB8 /* Storyboard.swift in Sources */,
				F557DAFA2379CD5200E5BD15 /* TestLanguageCardsApp.xcdatamodeld in Sources */,
				F59CE95F23412391007A5303 /* WordListViewModel.swift in Sources */,
				F5B8A577237EFD9D004D1C6F /* StateMachine.swift in Sources */,
				F5A7004C2348ECED00010D9A /* Transformable.swift in Sources */,
			);
			runOnlyForDeploymentPostprocessing = 0;
		};
		F59CE93D23411E40007A5303 /* Sources */ = {
			isa = PBXSourcesBuildPhase;
			buildActionMask = 2147483647;
			files = (
				F53981EB2373221900AEA1B0 /* PredicateTests.swift in Sources */,
				F5B8A57A237F1385004D1C6F /* StateMachineTests.swift in Sources */,
				F57F8A03237472E8000F6C79 /* CoreDataPersistenceTests.swift in Sources */,
				F5D3325D2375B3EB000458F5 /* CoreDataRequstTests.swift in Sources */,
				F56541FA235C65640090020C /* GetTests.swift in Sources */,
			);
			runOnlyForDeploymentPostprocessing = 0;
		};
/* End PBXSourcesBuildPhase section */

/* Begin PBXTargetDependency section */
		F59CE94323411E40007A5303 /* PBXTargetDependency */ = {
			isa = PBXTargetDependency;
			target = F59CE92723411E3D007A5303 /* LanguageCardsApp */;
			targetProxy = F59CE94223411E40007A5303 /* PBXContainerItemProxy */;
		};
/* End PBXTargetDependency section */

/* Begin PBXVariantGroup section */
		F59CE93923411E3F007A5303 /* LaunchScreen.storyboard */ = {
			isa = PBXVariantGroup;
			children = (
				F59CE93A23411E3F007A5303 /* Base */,
			);
			name = LaunchScreen.storyboard;
			sourceTree = "<group>";
		};
/* End PBXVariantGroup section */

/* Begin XCBuildConfiguration section */
		F59CE94823411E40007A5303 /* Debug */ = {
			isa = XCBuildConfiguration;
			buildSettings = {
				ALWAYS_SEARCH_USER_PATHS = NO;
				CLANG_ANALYZER_NONNULL = YES;
				CLANG_ANALYZER_NUMBER_OBJECT_CONVERSION = YES_AGGRESSIVE;
				CLANG_CXX_LANGUAGE_STANDARD = "gnu++14";
				CLANG_CXX_LIBRARY = "libc++";
				CLANG_ENABLE_MODULES = YES;
				CLANG_ENABLE_OBJC_ARC = YES;
				CLANG_ENABLE_OBJC_WEAK = YES;
				CLANG_WARN_BLOCK_CAPTURE_AUTORELEASING = YES;
				CLANG_WARN_BOOL_CONVERSION = YES;
				CLANG_WARN_COMMA = YES;
				CLANG_WARN_CONSTANT_CONVERSION = YES;
				CLANG_WARN_DEPRECATED_OBJC_IMPLEMENTATIONS = YES;
				CLANG_WARN_DIRECT_OBJC_ISA_USAGE = YES_ERROR;
				CLANG_WARN_DOCUMENTATION_COMMENTS = YES;
				CLANG_WARN_EMPTY_BODY = YES;
				CLANG_WARN_ENUM_CONVERSION = YES;
				CLANG_WARN_INFINITE_RECURSION = YES;
				CLANG_WARN_INT_CONVERSION = YES;
				CLANG_WARN_NON_LITERAL_NULL_CONVERSION = YES;
				CLANG_WARN_OBJC_IMPLICIT_RETAIN_SELF = YES;
				CLANG_WARN_OBJC_LITERAL_CONVERSION = YES;
				CLANG_WARN_OBJC_ROOT_CLASS = YES_ERROR;
				CLANG_WARN_RANGE_LOOP_ANALYSIS = YES;
				CLANG_WARN_STRICT_PROTOTYPES = YES;
				CLANG_WARN_SUSPICIOUS_MOVE = YES;
				CLANG_WARN_UNGUARDED_AVAILABILITY = YES_AGGRESSIVE;
				CLANG_WARN_UNREACHABLE_CODE = YES;
				CLANG_WARN__DUPLICATE_METHOD_MATCH = YES;
				COPY_PHASE_STRIP = NO;
				DEBUG_INFORMATION_FORMAT = dwarf;
				ENABLE_STRICT_OBJC_MSGSEND = YES;
				ENABLE_TESTABILITY = YES;
				GCC_C_LANGUAGE_STANDARD = gnu11;
				GCC_DYNAMIC_NO_PIC = NO;
				GCC_NO_COMMON_BLOCKS = YES;
				GCC_OPTIMIZATION_LEVEL = 0;
				GCC_PREPROCESSOR_DEFINITIONS = (
					"DEBUG=1",
					"$(inherited)",
				);
				GCC_WARN_64_TO_32_BIT_CONVERSION = YES;
				GCC_WARN_ABOUT_RETURN_TYPE = YES_ERROR;
				GCC_WARN_UNDECLARED_SELECTOR = YES;
				GCC_WARN_UNINITIALIZED_AUTOS = YES_AGGRESSIVE;
				GCC_WARN_UNUSED_FUNCTION = YES;
				GCC_WARN_UNUSED_VARIABLE = YES;
				IPHONEOS_DEPLOYMENT_TARGET = 12.4;
				MTL_ENABLE_DEBUG_INFO = INCLUDE_SOURCE;
				MTL_FAST_MATH = YES;
				ONLY_ACTIVE_ARCH = YES;
				SDKROOT = iphoneos;
				SWIFT_ACTIVE_COMPILATION_CONDITIONS = DEBUG;
				SWIFT_OPTIMIZATION_LEVEL = "-Onone";
			};
			name = Debug;
		};
		F59CE94923411E40007A5303 /* Release */ = {
			isa = XCBuildConfiguration;
			buildSettings = {
				ALWAYS_SEARCH_USER_PATHS = NO;
				CLANG_ANALYZER_NONNULL = YES;
				CLANG_ANALYZER_NUMBER_OBJECT_CONVERSION = YES_AGGRESSIVE;
				CLANG_CXX_LANGUAGE_STANDARD = "gnu++14";
				CLANG_CXX_LIBRARY = "libc++";
				CLANG_ENABLE_MODULES = YES;
				CLANG_ENABLE_OBJC_ARC = YES;
				CLANG_ENABLE_OBJC_WEAK = YES;
				CLANG_WARN_BLOCK_CAPTURE_AUTORELEASING = YES;
				CLANG_WARN_BOOL_CONVERSION = YES;
				CLANG_WARN_COMMA = YES;
				CLANG_WARN_CONSTANT_CONVERSION = YES;
				CLANG_WARN_DEPRECATED_OBJC_IMPLEMENTATIONS = YES;
				CLANG_WARN_DIRECT_OBJC_ISA_USAGE = YES_ERROR;
				CLANG_WARN_DOCUMENTATION_COMMENTS = YES;
				CLANG_WARN_EMPTY_BODY = YES;
				CLANG_WARN_ENUM_CONVERSION = YES;
				CLANG_WARN_INFINITE_RECURSION = YES;
				CLANG_WARN_INT_CONVERSION = YES;
				CLANG_WARN_NON_LITERAL_NULL_CONVERSION = YES;
				CLANG_WARN_OBJC_IMPLICIT_RETAIN_SELF = YES;
				CLANG_WARN_OBJC_LITERAL_CONVERSION = YES;
				CLANG_WARN_OBJC_ROOT_CLASS = YES_ERROR;
				CLANG_WARN_RANGE_LOOP_ANALYSIS = YES;
				CLANG_WARN_STRICT_PROTOTYPES = YES;
				CLANG_WARN_SUSPICIOUS_MOVE = YES;
				CLANG_WARN_UNGUARDED_AVAILABILITY = YES_AGGRESSIVE;
				CLANG_WARN_UNREACHABLE_CODE = YES;
				CLANG_WARN__DUPLICATE_METHOD_MATCH = YES;
				COPY_PHASE_STRIP = NO;
				DEBUG_INFORMATION_FORMAT = "dwarf-with-dsym";
				ENABLE_NS_ASSERTIONS = NO;
				ENABLE_STRICT_OBJC_MSGSEND = YES;
				GCC_C_LANGUAGE_STANDARD = gnu11;
				GCC_NO_COMMON_BLOCKS = YES;
				GCC_WARN_64_TO_32_BIT_CONVERSION = YES;
				GCC_WARN_ABOUT_RETURN_TYPE = YES_ERROR;
				GCC_WARN_UNDECLARED_SELECTOR = YES;
				GCC_WARN_UNINITIALIZED_AUTOS = YES_AGGRESSIVE;
				GCC_WARN_UNUSED_FUNCTION = YES;
				GCC_WARN_UNUSED_VARIABLE = YES;
				IPHONEOS_DEPLOYMENT_TARGET = 12.4;
				MTL_ENABLE_DEBUG_INFO = NO;
				MTL_FAST_MATH = YES;
				SDKROOT = iphoneos;
				SWIFT_COMPILATION_MODE = wholemodule;
				SWIFT_OPTIMIZATION_LEVEL = "-O";
				VALIDATE_PRODUCT = YES;
			};
			name = Release;
		};
		F59CE94B23411E40007A5303 /* Debug */ = {
			isa = XCBuildConfiguration;
			baseConfigurationReference = 5AF2710506D5B4CDE00E43AF /* Pods-LanguageCardsApp.debug.xcconfig */;
			buildSettings = {
				ASSETCATALOG_COMPILER_APPICON_NAME = AppIcon;
				CODE_SIGN_STYLE = Automatic;
				DEVELOPMENT_TEAM = 6YXMN9C3HK;
				ENABLE_PREVIEWS = YES;
				INFOPLIST_FILE = LanguageCardsApp/Resources/Info.plist;
				LD_RUNPATH_SEARCH_PATHS = (
					"$(inherited)",
					"@executable_path/Frameworks",
				);
				PRODUCT_BUNDLE_IDENTIFIER = com.sedinkin.vladislav.LanguageCardsApp;
				PRODUCT_NAME = "$(TARGET_NAME)";
				SWIFT_VERSION = 5.0;
				TARGETED_DEVICE_FAMILY = 1;
			};
			name = Debug;
		};
		F59CE94C23411E40007A5303 /* Release */ = {
			isa = XCBuildConfiguration;
			baseConfigurationReference = 6ADDDCBA8F4987FBD947116B /* Pods-LanguageCardsApp.release.xcconfig */;
			buildSettings = {
				ASSETCATALOG_COMPILER_APPICON_NAME = AppIcon;
				CODE_SIGN_STYLE = Automatic;
				DEVELOPMENT_TEAM = 6YXMN9C3HK;
				ENABLE_PREVIEWS = YES;
				INFOPLIST_FILE = LanguageCardsApp/Resources/Info.plist;
				LD_RUNPATH_SEARCH_PATHS = (
					"$(inherited)",
					"@executable_path/Frameworks",
				);
				PRODUCT_BUNDLE_IDENTIFIER = com.sedinkin.vladislav.LanguageCardsApp;
				PRODUCT_NAME = "$(TARGET_NAME)";
				SWIFT_VERSION = 5.0;
				TARGETED_DEVICE_FAMILY = 1;
			};
			name = Release;
		};
		F59CE94E23411E40007A5303 /* Debug */ = {
			isa = XCBuildConfiguration;
			baseConfigurationReference = 5F3481C6888E92D1751CAA64 /* Pods-LanguageCardsAppTests.debug.xcconfig */;
			buildSettings = {
				ALWAYS_EMBED_SWIFT_STANDARD_LIBRARIES = YES;
				BUNDLE_LOADER = "$(TEST_HOST)";
				CODE_SIGN_STYLE = Automatic;
				DEVELOPMENT_TEAM = 6YXMN9C3HK;
				INFOPLIST_FILE = LanguageCardsAppTests/Info.plist;
				IPHONEOS_DEPLOYMENT_TARGET = 13.0;
				LD_RUNPATH_SEARCH_PATHS = (
					"$(inherited)",
					"@executable_path/Frameworks",
					"@loader_path/Frameworks",
				);
				PRODUCT_BUNDLE_IDENTIFIER = com.sedinkin.vladislav.LanguageCardsAppTests;
				PRODUCT_NAME = "$(TARGET_NAME)";
				SWIFT_VERSION = 5.0;
				TARGETED_DEVICE_FAMILY = "1,2";
				TEST_HOST = "$(BUILT_PRODUCTS_DIR)/LanguageCardsApp.app/LanguageCardsApp";
			};
			name = Debug;
		};
		F59CE94F23411E40007A5303 /* Release */ = {
			isa = XCBuildConfiguration;
			baseConfigurationReference = F620BB4FCF5BE5DD6F7C6C93 /* Pods-LanguageCardsAppTests.release.xcconfig */;
			buildSettings = {
				ALWAYS_EMBED_SWIFT_STANDARD_LIBRARIES = YES;
				BUNDLE_LOADER = "$(TEST_HOST)";
				CODE_SIGN_STYLE = Automatic;
				DEVELOPMENT_TEAM = 6YXMN9C3HK;
				INFOPLIST_FILE = LanguageCardsAppTests/Info.plist;
				IPHONEOS_DEPLOYMENT_TARGET = 13.0;
				LD_RUNPATH_SEARCH_PATHS = (
					"$(inherited)",
					"@executable_path/Frameworks",
					"@loader_path/Frameworks",
				);
				PRODUCT_BUNDLE_IDENTIFIER = com.sedinkin.vladislav.LanguageCardsAppTests;
				PRODUCT_NAME = "$(TARGET_NAME)";
				SWIFT_VERSION = 5.0;
				TARGETED_DEVICE_FAMILY = "1,2";
				TEST_HOST = "$(BUILT_PRODUCTS_DIR)/LanguageCardsApp.app/LanguageCardsApp";
			};
			name = Release;
		};
/* End XCBuildConfiguration section */

/* Begin XCConfigurationList section */
		F59CE92323411E3D007A5303 /* Build configuration list for PBXProject "LanguageCardsApp" */ = {
			isa = XCConfigurationList;
			buildConfigurations = (
				F59CE94823411E40007A5303 /* Debug */,
				F59CE94923411E40007A5303 /* Release */,
			);
			defaultConfigurationIsVisible = 0;
			defaultConfigurationName = Release;
		};
		F59CE94A23411E40007A5303 /* Build configuration list for PBXNativeTarget "LanguageCardsApp" */ = {
			isa = XCConfigurationList;
			buildConfigurations = (
				F59CE94B23411E40007A5303 /* Debug */,
				F59CE94C23411E40007A5303 /* Release */,
			);
			defaultConfigurationIsVisible = 0;
			defaultConfigurationName = Release;
		};
		F59CE94D23411E40007A5303 /* Build configuration list for PBXNativeTarget "LanguageCardsAppTests" */ = {
			isa = XCConfigurationList;
			buildConfigurations = (
				F59CE94E23411E40007A5303 /* Debug */,
				F59CE94F23411E40007A5303 /* Release */,
			);
			defaultConfigurationIsVisible = 0;
			defaultConfigurationName = Release;
		};
/* End XCConfigurationList section */

/* Begin XCVersionGroup section */
		F557DAF62379CB6000E5BD15 /* TestLanguageCardsApp.xcdatamodeld */ = {
			isa = XCVersionGroup;
			children = (
				F557DAF72379CB6000E5BD15 /* TestLanguageCardsApp.xcdatamodel */,
			);
			currentVersion = F557DAF72379CB6000E5BD15 /* TestLanguageCardsApp.xcdatamodel */;
			path = TestLanguageCardsApp.xcdatamodeld;
			sourceTree = "<group>";
			versionGroupType = wrapper.xcdatamodel;
		};
		F59CE92F23411E3D007A5303 /* LanguageCardsApp.xcdatamodeld */ = {
			isa = XCVersionGroup;
			children = (
				F59CE93023411E3D007A5303 /* LanguageCardsApp.xcdatamodel */,
			);
			currentVersion = F59CE93023411E3D007A5303 /* LanguageCardsApp.xcdatamodel */;
			path = LanguageCardsApp.xcdatamodeld;
			sourceTree = "<group>";
			versionGroupType = wrapper.xcdatamodel;
		};
/* End XCVersionGroup section */
	};
	rootObject = F59CE92023411E3D007A5303 /* Project object */;
}
